
Microsoft Visual Studio Solution File, Format Version 12.00
# Visual Studio Version 17
VisualStudioVersion = 17.11.35303.130
MinimumVisualStudioVersion = 10.0.40219.1
Project("{FAE04EC0-301F-11D3-BF4B-00C04F79EFBC}") = "demo", "demo\demo.csproj", "{ABD7EA2C-640C-4ACC-8F28-4AD1E92153C6}"
EndProject
Global
	GlobalSection(SolutionConfigurationPlatforms) = preSolution
		Debug|Any CPU = Debug|Any CPU
		Release|Any CPU = Release|Any CPU
	EndGlobalSection
	GlobalSection(ProjectConfigurationPlatforms) = postSolution
		{ABD7EA2C-640C-4ACC-8F28-4AD1E92153C6}.Debug|Any CPU.ActiveCfg = Debug|Any CPU
		{ABD7EA2C-640C-4ACC-8F28-4AD1E92153C6}.Debug|Any CPU.Build.0 = Debug|Any CPU
		{ABD7EA2C-640C-4ACC-8F28-4AD1E92153C6}.Release|Any CPU.ActiveCfg = Release|Any CPU
		{ABD7EA2C-640C-4ACC-8F28-4AD1E92153C6}.Release|Any CPU.Build.0 = Release|Any CPU
	EndGlobalSection
	GlobalSection(SolutionProperties) = preSolution
		HideSolutionNode = FALSE
	EndGlobalSection
	GlobalSection(ExtensibilityGlobals) = postSolution
		SolutionGuid = {35B8DE57-CF89-4B78-B814-34C249E1342F}
	EndGlobalSection
EndGlobal
